{
  "nodes": {
    "nixpkgs": {
      "locked": {
        "lastModified": 1787848966,
        "narHash": "sha256-7gDpu5hpq0rOYnYMcOWqSzquK4HA/xU8Xf3CjUBOOJA=",
        "owner": "NixOS",
        "repo": "nixpkgs",
        "rev": "d57af924f160a5084293c71c2043f058bd1cdb60",
        "type": "github"
      },
      "original": {
        "owner": "NixOS",
        "ref": "nixos-26.05",
        "repo": "nixpkgs",
        "type": "github"
      }
    },
    "riemann-agent": {
      "inputs": {
        "nixpkgs": [
          "nixpkgs"
        ]
      },
      "locked": {
        "lastModified": 1788843431,
        "narHash": "sha256-pfnfArCn2qQYd8OOoUNPP/p65e7KwBWxJoRrFY+k6PA=",
        "owner": "Fadouse",
        "repo": "riemann-agent",
        "rev": "f508f3289f5363374373416f646fd4ab958b0f17",
        "type": "github"
      },
      "original": {
        "owner": "Fadouse",
        "repo": "riemann-agent",
        "type": "github"
      }
    },
    "root": {
      "inputs": {
        "nixpkgs": "nixpkgs",
        "riemann-agent": "riemann-agent"
      }
    }
  },
  "root": "root",
  "version": 7
}
