{
  "nodes": {
    "nixpkgs": {
      "locked": {
        "lastModified": 1787848966,
        "narHash": "sha256-7gDpu5hpq0rOYnYMcOWqSzquK4HA/xU8Xf3CjUBOOJA=",
        "owner": "NixOS",
        "repo": "nixpkgs",
        "rev": "d57af924f160a5084293c71c2043f058bd1cdb60",
        "type": "github"
      },
      "original": {
        "owner": "NixOS",
        "ref": "nixos-26.05",
        "repo": "nixpkgs",
        "type": "github"
      }
    },
    "riemann-agent": {
      "inputs": {
        "nixpkgs": [
          "nixpkgs"
        ]
      },
      "locked": {
        "lastModified": 1788685300,
        "narHash": "sha256-3+VF4aPGjEEFa1T+NVJqGGyDb/y2b7AUGzoVIMgMWNk=",
        "owner": "Fadouse",
        "repo": "riemann-agent",
        "rev": "e4a7ef2f5f7c47aacbf5cbb3174dad97351f7399",
        "type": "github"
      },
      "original": {
        "owner": "Fadouse",
        "repo": "riemann-agent",
        "type": "github"
      }
    },
    "root": {
      "inputs": {
        "nixpkgs": "nixpkgs",
        "riemann-agent": "riemann-agent"
      }
    }
  },
  "root": "root",
  "version": 7
}
