{
  "nodes": {
    "nixpkgs": {
      "locked": {
        "lastModified": 1787848966,
        "narHash": "sha256-7gDpu5hpq0rOYnYMcOWqSzquK4HA/xU8Xf3CjUBOOJA=",
        "owner": "NixOS",
        "repo": "nixpkgs",
        "rev": "d57af924f160a5084293c71c2043f058bd1cdb60",
        "type": "github"
      },
      "original": {
        "owner": "NixOS",
        "ref": "nixos-26.05",
        "repo": "nixpkgs",
        "type": "github"
      }
    },
    "riemann-agent": {
      "inputs": {
        "nixpkgs": [
          "nixpkgs"
        ]
      },
      "locked": {
        "lastModified": 1788630659,
        "narHash": "sha256-bw1STk2VGmKC4Pl0Um9V1FkA+ZW9+d0AHpreG2FiTcA=",
        "owner": "Fadouse",
        "repo": "riemann-agent",
        "rev": "920de2873d594f29c782258d02a340f4515fe63d",
        "type": "github"
      },
      "original": {
        "owner": "Fadouse",
        "repo": "riemann-agent",
        "type": "github"
      }
    },
    "root": {
      "inputs": {
        "nixpkgs": "nixpkgs",
        "riemann-agent": "riemann-agent"
      }
    }
  },
  "root": "root",
  "version": 7
}
